
Microsoft Visual Studio Solution File, Format Version 12.00
# Visual Studio Version 17
VisualStudioVersion = 17.8.34525.116
MinimumVisualStudioVersion = 10.0.40219.1
Project("{9A19103F-16F7-4668-BE54-9A1E7A4F7556}") = "MvcMovie", "MvcMovie.csproj", "{40CD965B-5955-432B-A06E-683B3CDDA464}"
EndProject
Global
	GlobalSection(SolutionConfigurationPlatforms) = preSolution
		Debug|Any CPU = Debug|Any CPU
		Release|Any CPU = Release|Any CPU
	EndGlobalSection
	GlobalSection(ProjectConfigurationPlatforms) = postSolution
		{40CD965B-5955-432B-A06E-683B3CDDA464}.Debug|Any CPU.ActiveCfg = Debug|Any CPU
		{40CD965B-5955-432B-A06E-683B3CDDA464}.Debug|Any CPU.Build.0 = Debug|Any CPU
		{40CD965B-5955-432B-A06E-683B3CDDA464}.Release|Any CPU.ActiveCfg = Release|Any CPU
		{40CD965B-5955-432B-A06E-683B3CDDA464}.Release|Any CPU.Build.0 = Release|Any CPU
	EndGlobalSection
	GlobalSection(SolutionProperties) = preSolution
		HideSolutionNode = FALSE
	EndGlobalSection
	GlobalSection(ExtensibilityGlobals) = postSolution
		SolutionGuid = {4187975F-DC85-44A6-A919-A61DC721F5DF}
	EndGlobalSection
EndGlobal
